
Microsoft Visual Studio Solution File, Format Version 12.00
# Visual Studio 14
VisualStudioVersion = 14.0.25420.1
MinimumVisualStudioVersion = 10.0.40219.1
Project("{8BC9CEB8-8B4A-11D0-8D11-00A0C91BC942}") = "libghthash", "libghthash.vcxproj", "{2102301F-31AB-47AD-8E87-D6C54BA352A9}"
EndProject
Project("{8BC9CEB8-8B4A-11D0-8D11-00A0C91BC942}") = "test", "test.vcxproj", "{6AB361A4-F51C-4EDB-99C6-ACA254758185}"
	ProjectSection(ProjectDependencies) = postProject
		{2102301F-31AB-47AD-8E87-D6C54BA352A9} = {2102301F-31AB-47AD-8E87-D6C54BA352A9}
	EndProjectSection
EndProject
Global
	GlobalSection(SolutionConfigurationPlatforms) = preSolution
		Debug|x64 = Debug|x64
		Release|x64 = Release|x64
	EndGlobalSection
	GlobalSection(ProjectConfigurationPlatforms) = postSolution
		{2102301F-31AB-47AD-8E87-D6C54BA352A9}.Debug|x64.ActiveCfg = Debug|x64
		{2102301F-31AB-47AD-8E87-D6C54BA352A9}.Debug|x64.Build.0 = Debug|x64
		{2102301F-31AB-47AD-8E87-D6C54BA352A9}.Debug|x64.Deploy.0 = Debug|x64
		{2102301F-31AB-47AD-8E87-D6C54BA352A9}.Release|x64.ActiveCfg = Release|x64
		{2102301F-31AB-47AD-8E87-D6C54BA352A9}.Release|x64.Build.0 = Release|x64
		{2102301F-31AB-47AD-8E87-D6C54BA352A9}.Release|x64.Deploy.0 = Release|x64
		{6AB361A4-F51C-4EDB-99C6-ACA254758185}.Debug|x64.ActiveCfg = Debug|x64
		{6AB361A4-F51C-4EDB-99C6-ACA254758185}.Debug|x64.Build.0 = Debug|x64
		{6AB361A4-F51C-4EDB-99C6-ACA254758185}.Release|x64.ActiveCfg = Release|x64
		{6AB361A4-F51C-4EDB-99C6-ACA254758185}.Release|x64.Build.0 = Release|x64
	EndGlobalSection
	GlobalSection(SolutionProperties) = preSolution
		HideSolutionNode = FALSE
	EndGlobalSection
EndGlobal
